
Microsoft Visual Studio Solution File, Format Version 12.00
# Visual Studio Version 16
VisualStudioVersion = 16.0.30114.105
MinimumVisualStudioVersion = 10.0.40219.1
Project("{FAE04EC0-301F-11D3-BF4B-00C04F79EFBC}") = "Game.Domain", "Game.Domain\Game.Domain.csproj", "{73298ED7-D798-4979-BB20-FB04D3D39FBE}"
EndProject
Project("{FAE04EC0-301F-11D3-BF4B-00C04F79EFBC}") = "Game.Api", "Game.Api\Game.Api.csproj", "{302AC1D5-DAD0-44F0-A0A6-E92AFB0A5731}"
EndProject
Global
	GlobalSection(SolutionConfigurationPlatforms) = preSolution
		Debug|Any CPU = Debug|Any CPU
		Debug|x64 = Debug|x64
		Debug|x86 = Debug|x86
		Release|Any CPU = Release|Any CPU
		Release|x64 = Release|x64
		Release|x86 = Release|x86
	EndGlobalSection
	GlobalSection(SolutionProperties) = preSolution
		HideSolutionNode = FALSE
	EndGlobalSection
	GlobalSection(ProjectConfigurationPlatforms) = postSolution
		{73298ED7-D798-4979-BB20-FB04D3D39FBE}.Debug|Any CPU.ActiveCfg = Debug|Any CPU
		{73298ED7-D798-4979-BB20-FB04D3D39FBE}.Debug|Any CPU.Build.0 = Debug|Any CPU
		{73298ED7-D798-4979-BB20-FB04D3D39FBE}.Debug|x64.ActiveCfg = Debug|Any CPU
		{73298ED7-D798-4979-BB20-FB04D3D39FBE}.Debug|x64.Build.0 = Debug|Any CPU
		{73298ED7-D798-4979-BB20-FB04D3D39FBE}.Debug|x86.ActiveCfg = Debug|Any CPU
		{73298ED7-D798-4979-BB20-FB04D3D39FBE}.Debug|x86.Build.0 = Debug|Any CPU
		{73298ED7-D798-4979-BB20-FB04D3D39FBE}.Release|Any CPU.ActiveCfg = Release|Any CPU
		{73298ED7-D798-4979-BB20-FB04D3D39FBE}.Release|Any CPU.Build.0 = Release|Any CPU
		{73298ED7-D798-4979-BB20-FB04D3D39FBE}.Release|x64.ActiveCfg = Release|Any CPU
		{73298ED7-D798-4979-BB20-FB04D3D39FBE}.Release|x64.Build.0 = Release|Any CPU
		{73298ED7-D798-4979-BB20-FB04D3D39FBE}.Release|x86.ActiveCfg = Release|Any CPU
		{73298ED7-D798-4979-BB20-FB04D3D39FBE}.Release|x86.Build.0 = Release|Any CPU
		{302AC1D5-DAD0-44F0-A0A6-E92AFB0A5731}.Debug|Any CPU.ActiveCfg = Debug|Any CPU
		{302AC1D5-DAD0-44F0-A0A6-E92AFB0A5731}.Debug|Any CPU.Build.0 = Debug|Any CPU
		{302AC1D5-DAD0-44F0-A0A6-E92AFB0A5731}.Debug|x64.ActiveCfg = Debug|Any CPU
		{302AC1D5-DAD0-44F0-A0A6-E92AFB0A5731}.Debug|x64.Build.0 = Debug|Any CPU
		{302AC1D5-DAD0-44F0-A0A6-E92AFB0A5731}.Debug|x86.ActiveCfg = Debug|Any CPU
		{302AC1D5-DAD0-44F0-A0A6-E92AFB0A5731}.Debug|x86.Build.0 = Debug|Any CPU
		{302AC1D5-DAD0-44F0-A0A6-E92AFB0A5731}.Release|Any CPU.ActiveCfg = Release|Any CPU
		{302AC1D5-DAD0-44F0-A0A6-E92AFB0A5731}.Release|Any CPU.Build.0 = Release|Any CPU
		{302AC1D5-DAD0-44F0-A0A6-E92AFB0A5731}.Release|x64.ActiveCfg = Release|Any CPU
		{302AC1D5-DAD0-44F0-A0A6-E92AFB0A5731}.Release|x64.Build.0 = Release|Any CPU
		{302AC1D5-DAD0-44F0-A0A6-E92AFB0A5731}.Release|x86.ActiveCfg = Release|Any CPU
		{302AC1D5-DAD0-44F0-A0A6-E92AFB0A5731}.Release|x86.Build.0 = Release|Any CPU
	EndGlobalSection
EndGlobal
